{
  "nodes": {
    "nixpkgs": {
      "locked": {
        "lastModified": 1791254437,
        "narHash": "sha256-MtUTNbeLCAWGgY7Bt9adNUEkiY5Uv7POO1gP8ClVhQY=",
        "rev": "b25309931cfda5f0b8805f462a29897eeae50168",
        "type": "tarball",
        "url": "https://releases.nixos.org/nixos/26.05/nixos-26.05.11275.b25309931cfd/nixexprs.tar.xz"
      },
      "original": {
        "type": "tarball",
        "url": "https://channels.nixos.org/nixos-26.05/nixexprs.tar.xz"
      }
    },
    "rUtils": {
      "locked": {
        "lastModified": 1790260913,
        "narHash": "sha256-4L5Edn27VAfxKBbaosohjEuYwjVJLmMXXUsfEKrwVF0=",
        "ref": "refs/heads/main",
        "rev": "8c8fe6381ece4d8bf2e2d79b626832ef74fe275f",
        "revCount": 63,
        "type": "git",
        "url": "https://scm.openanalytics.eu/git/oa-r-utils-nix.git"
      },
      "original": {
        "type": "git",
        "url": "https://scm.openanalytics.eu/git/oa-r-utils-nix.git"
      }
    },
    "root": {
      "inputs": {
        "nixpkgs": "nixpkgs",
        "rUtils": "rUtils"
      }
    }
  },
  "root": "root",
  "version": 7
}
